// !$*UTF8*$!
{
	archiveVersion = 1;
	classes = {
	};
	objectVersion = 55;
	objects = {

/* Begin PBXBuildFile section */
		F9323A7929203FB500EEF1C6 /* AsposeCellsSwift.docc in Sources */ = {isa = PBXBuildFile; fileRef = F9323A7829203FB500EEF1C6 /* AsposeCellsSwift.docc */; };
		F9323A7F29203FB500EEF1C6 /* AsposeCellsSwift.framework in Frameworks */ = {isa = PBXBuildFile; fileRef = F9323A7429203FB500EEF1C6 /* AsposeCellsSwift.framework */; };
		F9323A8429203FB500EEF1C6 /* AsposeCellsSwiftTests.swift in Sources */ = {isa = PBXBuildFile; fileRef = F9323A8329203FB500EEF1C6 /* AsposeCellsSwiftTests.swift */; };
		F9323A8529203FB500EEF1C6 /* AsposeCellsSwift.h in Headers */ = {isa = PBXBuildFile; fileRef = F9323A7729203FB500EEF1C6 /* AsposeCellsSwift.h */; settings = {ATTRIBUTES = (Public, ); }; };
		F9323A952920403E00EEF1C6 /* AppDelegate.swift in Sources */ = {isa = PBXBuildFile; fileRef = F9323A942920403E00EEF1C6 /* AppDelegate.swift */; };
		F9323A972920403E00EEF1C6 /* SceneDelegate.swift in Sources */ = {isa = PBXBuildFile; fileRef = F9323A962920403E00EEF1C6 /* SceneDelegate.swift */; };
		F9323A992920403E00EEF1C6 /* ViewController.swift in Sources */ = {isa = PBXBuildFile; fileRef = F9323A982920403E00EEF1C6 /* ViewController.swift */; };
		F9323A9C2920403E00EEF1C6 /* Main.storyboard in Resources */ = {isa = PBXBuildFile; fileRef = F9323A9A2920403E00EEF1C6 /* Main.storyboard */; };
		F9323A9E2920404100EEF1C6 /* Assets.xcassets in Resources */ = {isa = PBXBuildFile; fileRef = F9323A9D2920404100EEF1C6 /* Assets.xcassets */; };
		F9323AA12920404100EEF1C6 /* LaunchScreen.storyboard in Resources */ = {isa = PBXBuildFile; fileRef = F9323A9F2920404100EEF1C6 /* LaunchScreen.storyboard */; };
		F9323AA72920441600EEF1C6 /* AsposeCellsSwift.swift in Sources */ = {isa = PBXBuildFile; fileRef = F9323AA62920441600EEF1C6 /* AsposeCellsSwift.swift */; };
		F9323AAA2920445D00EEF1C6 /* CellValueType.swift in Sources */ = {isa = PBXBuildFile; fileRef = F9323AA92920445D00EEF1C6 /* CellValueType.swift */; };
/* End PBXBuildFile section */

/* Begin PBXContainerItemProxy section */
		F9323A8029203FB500EEF1C6 /* PBXContainerItemProxy */ = {
			isa = PBXContainerItemProxy;
			containerPortal = F9323A6B29203FB500EEF1C6 /* Project object */;
			proxyType = 1;
			remoteGlobalIDString = F9323A7329203FB500EEF1C6;
			remoteInfo = AsposeCellsSwift;
		};
/* End PBXContainerItemProxy section */

/* Begin PBXFileReference section */
		F9323A7429203FB500EEF1C6 /* AsposeCellsSwift.framework */ = {isa = PBXFileReference; explicitFileType = wrapper.framework; includeInIndex = 0; path = AsposeCellsSwift.framework; sourceTree = BUILT_PRODUCTS_DIR; };
		F9323A7729203FB500EEF1C6 /* AsposeCellsSwift.h */ = {isa = PBXFileReference; lastKnownFileType = sourcecode.c.h; path = AsposeCellsSwift.h; sourceTree = "<group>"; };
		F9323A7829203FB500EEF1C6 /* AsposeCellsSwift.docc */ = {isa = PBXFileReference; lastKnownFileType = folder.documentationcatalog; path = AsposeCellsSwift.docc; sourceTree = "<group>"; };
		F9323A7E29203FB500EEF1C6 /* AsposeCellsSwiftTests.xctest */ = {isa = PBXFileReference; explicitFileType = wrapper.cfbundle; includeInIndex = 0; path = AsposeCellsSwiftTests.xctest; sourceTree = BUILT_PRODUCTS_DIR; };
		F9323A8329203FB500EEF1C6 /* AsposeCellsSwiftTests.swift */ = {isa = PBXFileReference; lastKnownFileType = sourcecode.swift; path = AsposeCellsSwiftTests.swift; sourceTree = "<group>"; };
		F9323A922920403E00EEF1C6 /* AsposeCellsSwiftExamples.app */ = {isa = PBXFileReference; explicitFileType = wrapper.application; includeInIndex = 0; path = AsposeCellsSwiftExamples.app; sourceTree = BUILT_PRODUCTS_DIR; };
		F9323A942920403E00EEF1C6 /* AppDelegate.swift */ = {isa = PBXFileReference; lastKnownFileType = sourcecode.swift; path = AppDelegate.swift; sourceTree = "<group>"; };
		F9323A962920403E00EEF1C6 /* SceneDelegate.swift */ = {isa = PBXFileReference; lastKnownFileType = sourcecode.swift; path = SceneDelegate.swift; sourceTree = "<group>"; };
		F9323A982920403E00EEF1C6 /* ViewController.swift */ = {isa = PBXFileReference; lastKnownFileType = sourcecode.swift; path = ViewController.swift; sourceTree = "<group>"; };
		F9323A9B2920403E00EEF1C6 /* Base */ = {isa = PBXFileReference; lastKnownFileType = file.storyboard; name = Base; path = Base.lproj/Main.storyboard; sourceTree = "<group>"; };
		F9323A9D2920404100EEF1C6 /* Assets.xcassets */ = {isa = PBXFileReference; lastKnownFileType = folder.assetcatalog; path = Assets.xcassets; sourceTree = "<group>"; };
		F9323AA02920404100EEF1C6 /* Base */ = {isa = PBXFileReference; lastKnownFileType = file.storyboard; name = Base; path = Base.lproj/LaunchScreen.storyboard; sourceTree = "<group>"; };
		F9323AA22920404100EEF1C6 /* Info.plist */ = {isa = PBXFileReference; lastKnownFileType = text.plist.xml; path = Info.plist; sourceTree = "<group>"; };
		F9323AA62920441600EEF1C6 /* AsposeCellsSwift.swift */ = {isa = PBXFileReference; lastKnownFileType = sourcecode.swift; path = AsposeCellsSwift.swift; sourceTree = "<group>"; };
		F9323AA92920445D00EEF1C6 /* CellValueType.swift */ = {isa = PBXFileReference; lastKnownFileType = sourcecode.swift; path = CellValueType.swift; sourceTree = "<group>"; };
/* End PBXFileReference section */

/* Begin PBXFrameworksBuildPhase section */
		F9323A7129203FB500EEF1C6 /* Frameworks */ = {
			isa = PBXFrameworksBuildPhase;
			buildActionMask = 2147483647;
			files = (
			);
			runOnlyForDeploymentPostprocessing = 0;
		};
		F9323A7B29203FB500EEF1C6 /* Frameworks */ = {
			isa = PBXFrameworksBuildPhase;
			buildActionMask = 2147483647;
			files = (
				F9323A7F29203FB500EEF1C6 /* AsposeCellsSwift.framework in Frameworks */,
			);
			runOnlyForDeploymentPostprocessing = 0;
		};
		F9323A8F2920403E00EEF1C6 /* Frameworks */ = {
			isa = PBXFrameworksBuildPhase;
			buildActionMask = 2147483647;
			files = (
			);
			runOnlyForDeploymentPostprocessing = 0;
		};
/* End PBXFrameworksBuildPhase section */

/* Begin PBXGroup section */
		F9323A6A29203FB500EEF1C6 = {
			isa = PBXGroup;
			children = (
				F9323ACB292057B700EEF1C6 /* AsposeCellsSwift */,
				F9323A7629203FB500EEF1C6 /* AsposeCellsSwift */,
				F9323A8229203FB500EEF1C6 /* AsposeCellsSwiftTests */,
				F9323A932920403E00EEF1C6 /* AsposeCellsSwiftExamples */,
				F9323A7529203FB500EEF1C6 /* Products */,
			);
			sourceTree = "<group>";
		};
		F9323A7529203FB500EEF1C6 /* Products */ = {
			isa = PBXGroup;
			children = (
				F9323A7429203FB500EEF1C6 /* AsposeCellsSwift.framework */,
				F9323A7E29203FB500EEF1C6 /* AsposeCellsSwiftTests.xctest */,
				F9323A922920403E00EEF1C6 /* AsposeCellsSwiftExamples.app */,
			);
			name = Products;
			sourceTree = "<group>";
		};
		F9323A7629203FB500EEF1C6 /* AsposeCellsSwift */ = {
			isa = PBXGroup;
			children = (
				F9323A7729203FB500EEF1C6 /* AsposeCellsSwift.h */,
				F9323A7829203FB500EEF1C6 /* AsposeCellsSwift.docc */,
			);
			path = AsposeCellsSwift;
			sourceTree = "<group>";
		};
		F9323A8229203FB500EEF1C6 /* AsposeCellsSwiftTests */ = {
			isa = PBXGroup;
			children = (
				F9323A8329203FB500EEF1C6 /* AsposeCellsSwiftTests.swift */,
			);
			path = AsposeCellsSwiftTests;
			sourceTree = "<group>";
		};
		F9323A932920403E00EEF1C6 /* AsposeCellsSwiftExamples */ = {
			isa = PBXGroup;
			children = (
				F9323A942920403E00EEF1C6 /* AppDelegate.swift */,
				F9323A962920403E00EEF1C6 /* SceneDelegate.swift */,
				F9323A982920403E00EEF1C6 /* ViewController.swift */,
				F9323A9A2920403E00EEF1C6 /* Main.storyboard */,
				F9323A9D2920404100EEF1C6 /* Assets.xcassets */,
				F9323A9F2920404100EEF1C6 /* LaunchScreen.storyboard */,
				F9323AA22920404100EEF1C6 /* Info.plist */,
			);
			path = AsposeCellsSwiftExamples;
			sourceTree = "<group>";
		};
		F9323AA82920445000EEF1C6 /* Enums */ = {
			isa = PBXGroup;
			children = (
				F9323AA92920445D00EEF1C6 /* CellValueType.swift */,
			);
			name = Enums;
			path = ..;
			sourceTree = "<group>";
		};
		F9323ACB292057B700EEF1C6 /* AsposeCellsSwift */ = {
			isa = PBXGroup;
			children = (
				F9323AA82920445000EEF1C6 /* Enums */,
				F9323AA62920441600EEF1C6 /* AsposeCellsSwift.swift */,
			);
			name = AsposeCellsSwift;
			path = Enums/AsposeCellsSwift;
			sourceTree = "<group>";
		};
/* End PBXGroup section */

/* Begin PBXHeadersBuildPhase section */
		F9323A6F29203FB500EEF1C6 /* Headers */ = {
			isa = PBXHeadersBuildPhase;
			buildActionMask = 2147483647;
			files = (
				F9323A8529203FB500EEF1C6 /* AsposeCellsSwift.h in Headers */,
			);
			runOnlyForDeploymentPostprocessing = 0;
		};
/* End PBXHeadersBuildPhase section */

/* Begin PBXNativeTarget section */
		F9323A7329203FB500EEF1C6 /* AsposeCellsSwift */ = {
			isa = PBXNativeTarget;
			buildConfigurationList = F9323A8829203FB500EEF1C6 /* Build configuration list for PBXNativeTarget "AsposeCellsSwift" */;
			buildPhases = (
				F9323A6F29203FB500EEF1C6 /* Headers */,
				F9323A7029203FB500EEF1C6 /* Sources */,
				F9323A7129203FB500EEF1C6 /* Frameworks */,
				F9323A7229203FB500EEF1C6 /* Resources */,
			);
			buildRules = (
			);
			dependencies = (
			);
			name = AsposeCellsSwift;
			productName = AsposeCellsSwift;
			productReference = F9323A7429203FB500EEF1C6 /* AsposeCellsSwift.framework */;
			productType = "com.apple.product-type.framework";
		};
		F9323A7D29203FB500EEF1C6 /* AsposeCellsSwiftTests */ = {
			isa = PBXNativeTarget;
			buildConfigurationList = F9323A8B29203FB500EEF1C6 /* Build configuration list for PBXNativeTarget "AsposeCellsSwiftTests" */;
			buildPhases = (
				F9323A7A29203FB500EEF1C6 /* Sources */,
				F9323A7B29203FB500EEF1C6 /* Frameworks */,
				F9323A7C29203FB500EEF1C6 /* Resources */,
			);
			buildRules = (
			);
			dependencies = (
				F9323A8129203FB500EEF1C6 /* PBXTargetDependency */,
			);
			name = AsposeCellsSwiftTests;
			productName = AsposeCellsSwiftTests;
			productReference = F9323A7E29203FB500EEF1C6 /* AsposeCellsSwiftTests.xctest */;
			productType = "com.apple.product-type.bundle.unit-test";
		};
		F9323A912920403E00EEF1C6 /* AsposeCellsSwiftExamples */ = {
			isa = PBXNativeTarget;
			buildConfigurationList = F9323AA32920404100EEF1C6 /* Build configuration list for PBXNativeTarget "AsposeCellsSwiftExamples" */;
			buildPhases = (
				F9323A8E2920403E00EEF1C6 /* Sources */,
				F9323A8F2920403E00EEF1C6 /* Frameworks */,
				F9323A902920403E00EEF1C6 /* Resources */,
			);
			buildRules = (
			);
			dependencies = (
			);
			name = AsposeCellsSwiftExamples;
			productName = AsposeCellsSwiftExamples;
			productReference = F9323A922920403E00EEF1C6 /* AsposeCellsSwiftExamples.app */;
			productType = "com.apple.product-type.application";
		};
/* End PBXNativeTarget section */

/* Begin PBXProject section */
		F9323A6B29203FB500EEF1C6 /* Project object */ = {
			isa = PBXProject;
			attributes = {
				BuildIndependentTargetsInParallel = 1;
				LastSwiftUpdateCheck = 1330;
				LastUpgradeCheck = 1330;
				TargetAttributes = {
					F9323A7329203FB500EEF1C6 = {
						CreatedOnToolsVersion = 13.3;
					};
					F9323A7D29203FB500EEF1C6 = {
						CreatedOnToolsVersion = 13.3;
					};
					F9323A912920403E00EEF1C6 = {
						CreatedOnToolsVersion = 13.3;
					};
				};
			};
			buildConfigurationList = F9323A6E29203FB500EEF1C6 /* Build configuration list for PBXProject "AsposeCellsSwift" */;
			compatibilityVersion = "Xcode 13.0";
			developmentRegion = en;
			hasScannedForEncodings = 0;
			knownRegions = (
				en,
				Base,
			);
			mainGroup = F9323A6A29203FB500EEF1C6;
			productRefGroup = F9323A7529203FB500EEF1C6 /* Products */;
			projectDirPath = "";
			projectRoot = "";
			targets = (
				F9323A7329203FB500EEF1C6 /* AsposeCellsSwift */,
				F9323A7D29203FB500EEF1C6 /* AsposeCellsSwiftTests */,
				F9323A912920403E00EEF1C6 /* AsposeCellsSwiftExamples */,
			);
		};
/* End PBXProject section */

/* Begin PBXResourcesBuildPhase section */
		F9323A7229203FB500EEF1C6 /* Resources */ = {
			isa = PBXResourcesBuildPhase;
			buildActionMask = 2147483647;
			files = (
			);
			runOnlyForDeploymentPostprocessing = 0;
		};
		F9323A7C29203FB500EEF1C6 /* Resources */ = {
			isa = PBXResourcesBuildPhase;
			buildActionMask = 2147483647;
			files = (
			);
			runOnlyForDeploymentPostprocessing = 0;
		};
		F9323A902920403E00EEF1C6 /* Resources */ = {
			isa = PBXResourcesBuildPhase;
			buildActionMask = 2147483647;
			files = (
				F9323AA12920404100EEF1C6 /* LaunchScreen.storyboard in Resources */,
				F9323A9E2920404100EEF1C6 /* Assets.xcassets in Resources */,
				F9323A9C2920403E00EEF1C6 /* Main.storyboard in Resources */,
			);
			runOnlyForDeploymentPostprocessing = 0;
		};
/* End PBXResourcesBuildPhase section */

/* Begin PBXSourcesBuildPhase section */
		F9323A7029203FB500EEF1C6 /* Sources */ = {
			isa = PBXSourcesBuildPhase;
			buildActionMask = 2147483647;
			files = (
				F9323AA72920441600EEF1C6 /* AsposeCellsSwift.swift in Sources */,
				F9323A7929203FB500EEF1C6 /* AsposeCellsSwift.docc in Sources */,
				F9323AAA2920445D00EEF1C6 /* CellValueType.swift in Sources */,
			);
			runOnlyForDeploymentPostprocessing = 0;
		};
		F9323A7A29203FB500EEF1C6 /* Sources */ = {
			isa = PBXSourcesBuildPhase;
			buildActionMask = 2147483647;
			files = (
				F9323A8429203FB500EEF1C6 /* AsposeCellsSwiftTests.swift in Sources */,
			);
			runOnlyForDeploymentPostprocessing = 0;
		};
		F9323A8E2920403E00EEF1C6 /* Sources */ = {
			isa = PBXSourcesBuildPhase;
			buildActionMask = 2147483647;
			files = (
				F9323A992920403E00EEF1C6 /* ViewController.swift in Sources */,
				F9323A952920403E00EEF1C6 /* AppDelegate.swift in Sources */,
				F9323A972920403E00EEF1C6 /* SceneDelegate.swift in Sources */,
			);
			runOnlyForDeploymentPostprocessing = 0;
		};
/* End PBXSourcesBuildPhase section */

/* Begin PBXTargetDependency section */
		F9323A8129203FB500EEF1C6 /* PBXTargetDependency */ = {
			isa = PBXTargetDependency;
			target = F9323A7329203FB500EEF1C6 /* AsposeCellsSwift */;
			targetProxy = F9323A8029203FB500EEF1C6 /* PBXContainerItemProxy */;
		};
/* End PBXTargetDependency section */

/* Begin PBXVariantGroup section */
		F9323A9A2920403E00EEF1C6 /* Main.storyboard */ = {
			isa = PBXVariantGroup;
			children = (
				F9323A9B2920403E00EEF1C6 /* Base */,
			);
			name = Main.storyboard;
			sourceTree = "<group>";
		};
		F9323A9F2920404100EEF1C6 /* LaunchScreen.storyboard */ = {
			isa = PBXVariantGroup;
			children = (
				F9323AA02920404100EEF1C6 /* Base */,
			);
			name = LaunchScreen.storyboard;
			sourceTree = "<group>";
		};
/* End PBXVariantGroup section */

/* Begin XCBuildConfiguration section */
		F9323A8629203FB500EEF1C6 /* Debug */ = {
			isa = XCBuildConfiguration;
			buildSettings = {
				ALWAYS_SEARCH_USER_PATHS = NO;
				CLANG_ANALYZER_NONNULL = YES;
				CLANG_ANALYZER_NUMBER_OBJECT_CONVERSION = YES_AGGRESSIVE;
				CLANG_CXX_LANGUAGE_STANDARD = "gnu++17";
				CLANG_ENABLE_MODULES = YES;
				CLANG_ENABLE_OBJC_ARC = YES;
				CLANG_ENABLE_OBJC_WEAK = YES;
				CLANG_WARN_BLOCK_CAPTURE_AUTORELEASING = YES;
				CLANG_WARN_BOOL_CONVERSION = YES;
				CLANG_WARN_COMMA = YES;
				CLANG_WARN_CONSTANT_CONVERSION = YES;
				CLANG_WARN_DEPRECATED_OBJC_IMPLEMENTATIONS = YES;
				CLANG_WARN_DIRECT_OBJC_ISA_USAGE = YES_ERROR;
				CLANG_WARN_DOCUMENTATION_COMMENTS = YES;
				CLANG_WARN_EMPTY_BODY = YES;
				CLANG_WARN_ENUM_CONVERSION = YES;
				CLANG_WARN_INFINITE_RECURSION = YES;
				CLANG_WARN_INT_CONVERSION = YES;
				CLANG_WARN_NON_LITERAL_NULL_CONVERSION = YES;
				CLANG_WARN_OBJC_IMPLICIT_RETAIN_SELF = YES;
				CLANG_WARN_OBJC_LITERAL_CONVERSION = YES;
				CLANG_WARN_OBJC_ROOT_CLASS = YES_ERROR;
				CLANG_WARN_QUOTED_INCLUDE_IN_FRAMEWORK_HEADER = YES;
				CLANG_WARN_RANGE_LOOP_ANALYSIS = YES;
				CLANG_WARN_STRICT_PROTOTYPES = YES;
				CLANG_WARN_SUSPICIOUS_MOVE = YES;
				CLANG_WARN_UNGUARDED_AVAILABILITY = YES_AGGRESSIVE;
				CLANG_WARN_UNREACHABLE_CODE = YES;
				CLANG_WARN__DUPLICATE_METHOD_MATCH = YES;
				COPY_PHASE_STRIP = NO;
				CURRENT_PROJECT_VERSION = 1;
				DEBUG_INFORMATION_FORMAT = dwarf;
				ENABLE_STRICT_OBJC_MSGSEND = YES;
				ENABLE_TESTABILITY = YES;
				GCC_C_LANGUAGE_STANDARD = gnu11;
				GCC_DYNAMIC_NO_PIC = NO;
				GCC_NO_COMMON_BLOCKS = YES;
				GCC_OPTIMIZATION_LEVEL = 0;
				GCC_PREPROCESSOR_DEFINITIONS = (
					"DEBUG=1",
					"$(inherited)",
				);
				GCC_WARN_64_TO_32_BIT_CONVERSION = YES;
				GCC_WARN_ABOUT_RETURN_TYPE = YES_ERROR;
				GCC_WARN_UNDECLARED_SELECTOR = YES;
				GCC_WARN_UNINITIALIZED_AUTOS = YES_AGGRESSIVE;
				GCC_WARN_UNUSED_FUNCTION = YES;
				GCC_WARN_UNUSED_VARIABLE = YES;
				IPHONEOS_DEPLOYMENT_TARGET = 15.4;
				MTL_ENABLE_DEBUG_INFO = INCLUDE_SOURCE;
				MTL_FAST_MATH = YES;
				ONLY_ACTIVE_ARCH = YES;
				SDKROOT = iphoneos;
				SWIFT_ACTIVE_COMPILATION_CONDITIONS = DEBUG;
				SWIFT_OPTIMIZATION_LEVEL = "-Onone";
				VERSIONING_SYSTEM = "apple-generic";
				VERSION_INFO_PREFIX = "";
			};
			name = Debug;
		};
		F9323A8729203FB500EEF1C6 /* Release */ = {
			isa = XCBuildConfiguration;
			buildSettings = {
				ALWAYS_SEARCH_USER_PATHS = NO;
				CLANG_ANALYZER_NONNULL = YES;
				CLANG_ANALYZER_NUMBER_OBJECT_CONVERSION = YES_AGGRESSIVE;
				CLANG_CXX_LANGUAGE_STANDARD = "gnu++17";
				CLANG_ENABLE_MODULES = YES;
				CLANG_ENABLE_OBJC_ARC = YES;
				CLANG_ENABLE_OBJC_WEAK = YES;
				CLANG_WARN_BLOCK_CAPTURE_AUTORELEASING = YES;
				CLANG_WARN_BOOL_CONVERSION = YES;
				CLANG_WARN_COMMA = YES;
				CLANG_WARN_CONSTANT_CONVERSION = YES;
				CLANG_WARN_DEPRECATED_OBJC_IMPLEMENTATIONS = YES;
				CLANG_WARN_DIRECT_OBJC_ISA_USAGE = YES_ERROR;
				CLANG_WARN_DOCUMENTATION_COMMENTS = YES;
				CLANG_WARN_EMPTY_BODY = YES;
				CLANG_WARN_ENUM_CONVERSION = YES;
				CLANG_WARN_INFINITE_RECURSION = YES;
				CLANG_WARN_INT_CONVERSION = YES;
				CLANG_WARN_NON_LITERAL_NULL_CONVERSION = YES;
				CLANG_WARN_OBJC_IMPLICIT_RETAIN_SELF = YES;
				CLANG_WARN_OBJC_LITERAL_CONVERSION = YES;
				CLANG_WARN_OBJC_ROOT_CLASS = YES_ERROR;
				CLANG_WARN_QUOTED_INCLUDE_IN_FRAMEWORK_HEADER = YES;
				CLANG_WARN_RANGE_LOOP_ANALYSIS = YES;
				CLANG_WARN_STRICT_PROTOTYPES = YES;
				CLANG_WARN_SUSPICIOUS_MOVE = YES;
				CLANG_WARN_UNGUARDED_AVAILABILITY = YES_AGGRESSIVE;
				CLANG_WARN_UNREACHABLE_CODE = YES;
				CLANG_WARN__DUPLICATE_METHOD_MATCH = YES;
				COPY_PHASE_STRIP = NO;
				CURRENT_PROJECT_VERSION = 1;
				DEBUG_INFORMATION_FORMAT = "dwarf-with-dsym";
				ENABLE_NS_ASSERTIONS = NO;
				ENABLE_STRICT_OBJC_MSGSEND = YES;
				GCC_C_LANGUAGE_STANDARD = gnu11;
				GCC_NO_COMMON_BLOCKS = YES;
				GCC_WARN_64_TO_32_BIT_CONVERSION = YES;
				GCC_WARN_ABOUT_RETURN_TYPE = YES_ERROR;
				GCC_WARN_UNDECLARED_SELECTOR = YES;
				GCC_WARN_UNINITIALIZED_AUTOS = YES_AGGRESSIVE;
				GCC_WARN_UNUSED_FUNCTION = YES;
				GCC_WARN_UNUSED_VARIABLE = YES;
				IPHONEOS_DEPLOYMENT_TARGET = 15.4;
				MTL_ENABLE_DEBUG_INFO = NO;
				MTL_FAST_MATH = YES;
				SDKROOT = iphoneos;
				SWIFT_COMPILATION_MODE = wholemodule;
				SWIFT_OPTIMIZATION_LEVEL = "-O";
				VALIDATE_PRODUCT = YES;
				VERSIONING_SYSTEM = "apple-generic";
				VERSION_INFO_PREFIX = "";
			};
			name = Release;
		};
		F9323A8929203FB500EEF1C6 /* Debug */ = {
			isa = XCBuildConfiguration;
			buildSettings = {
				CODE_SIGN_STYLE = Automatic;
				CURRENT_PROJECT_VERSION = 1;
				DEFINES_MODULE = YES;
				DYLIB_COMPATIBILITY_VERSION = 1;
				DYLIB_CURRENT_VERSION = 1;
				DYLIB_INSTALL_NAME_BASE = "@rpath";
				GENERATE_INFOPLIST_FILE = YES;
				INFOPLIST_KEY_NSHumanReadableCopyright = "";
				INSTALL_PATH = "$(LOCAL_LIBRARY_DIR)/Frameworks";
				IPHONEOS_DEPLOYMENT_TARGET = 13.0;
				LD_RUNPATH_SEARCH_PATHS = (
					"$(inherited)",
					"@executable_path/Frameworks",
					"@loader_path/Frameworks",
				);
				MARKETING_VERSION = 1.0;
				PRODUCT_BUNDLE_IDENTIFIER = com.iWonder.AsposeCellsSwift;
				PRODUCT_NAME = "$(TARGET_NAME:c99extidentifier)";
				SKIP_INSTALL = YES;
				SWIFT_EMIT_LOC_STRINGS = YES;
				SWIFT_VERSION = 5.0;
				TARGETED_DEVICE_FAMILY = "1,2";
			};
			name = Debug;
		};
		F9323A8A29203FB500EEF1C6 /* Release */ = {
			isa = XCBuildConfiguration;
			buildSettings = {
				CODE_SIGN_STYLE = Automatic;
				CURRENT_PROJECT_VERSION = 1;
				DEFINES_MODULE = YES;
				DYLIB_COMPATIBILITY_VERSION = 1;
				DYLIB_CURRENT_VERSION = 1;
				DYLIB_INSTALL_NAME_BASE = "@rpath";
				GENERATE_INFOPLIST_FILE = YES;
				INFOPLIST_KEY_NSHumanReadableCopyright = "";
				INSTALL_PATH = "$(LOCAL_LIBRARY_DIR)/Frameworks";
				IPHONEOS_DEPLOYMENT_TARGET = 13.0;
				LD_RUNPATH_SEARCH_PATHS = (
					"$(inherited)",
					"@executable_path/Frameworks",
					"@loader_path/Frameworks",
				);
				MARKETING_VERSION = 1.0;
				PRODUCT_BUNDLE_IDENTIFIER = com.iWonder.AsposeCellsSwift;
				PRODUCT_NAME = "$(TARGET_NAME:c99extidentifier)";
				SKIP_INSTALL = YES;
				SWIFT_EMIT_LOC_STRINGS = YES;
				SWIFT_VERSION = 5.0;
				TARGETED_DEVICE_FAMILY = "1,2";
			};
			name = Release;
		};
		F9323A8C29203FB500EEF1C6 /* Debug */ = {
			isa = XCBuildConfiguration;
			buildSettings = {
				ALWAYS_EMBED_SWIFT_STANDARD_LIBRARIES = YES;
				CODE_SIGN_STYLE = Automatic;
				CURRENT_PROJECT_VERSION = 1;
				GENERATE_INFOPLIST_FILE = YES;
				MARKETING_VERSION = 1.0;
				PRODUCT_BUNDLE_IDENTIFIER = com.iWonder.AsposeCellsSwiftTests;
				PRODUCT_NAME = "$(TARGET_NAME)";
				SWIFT_EMIT_LOC_STRINGS = NO;
				SWIFT_VERSION = 5.0;
				TARGETED_DEVICE_FAMILY = "1,2";
			};
			name = Debug;
		};
		F9323A8D29203FB500EEF1C6 /* Release */ = {
			isa = XCBuildConfiguration;
			buildSettings = {
				ALWAYS_EMBED_SWIFT_STANDARD_LIBRARIES = YES;
				CODE_SIGN_STYLE = Automatic;
				CURRENT_PROJECT_VERSION = 1;
				GENERATE_INFOPLIST_FILE = YES;
				MARKETING_VERSION = 1.0;
				PRODUCT_BUNDLE_IDENTIFIER = com.iWonder.AsposeCellsSwiftTests;
				PRODUCT_NAME = "$(TARGET_NAME)";
				SWIFT_EMIT_LOC_STRINGS = NO;
				SWIFT_VERSION = 5.0;
				TARGETED_DEVICE_FAMILY = "1,2";
			};
			name = Release;
		};
		F9323AA42920404100EEF1C6 /* Debug */ = {
			isa = XCBuildConfiguration;
			buildSettings = {
				ASSETCATALOG_COMPILER_APPICON_NAME = AppIcon;
				ASSETCATALOG_COMPILER_GLOBAL_ACCENT_COLOR_NAME = AccentColor;
				CODE_SIGN_STYLE = Automatic;
				CURRENT_PROJECT_VERSION = 1;
				GENERATE_INFOPLIST_FILE = YES;
				INFOPLIST_FILE = AsposeCellsSwiftExamples/Info.plist;
				INFOPLIST_KEY_UIApplicationSupportsIndirectInputEvents = YES;
				INFOPLIST_KEY_UILaunchStoryboardName = LaunchScreen;
				INFOPLIST_KEY_UIMainStoryboardFile = Main;
				INFOPLIST_KEY_UISupportedInterfaceOrientations_iPad = "UIInterfaceOrientationPortrait UIInterfaceOrientationPortraitUpsideDown UIInterfaceOrientationLandscapeLeft UIInterfaceOrientationLandscapeRight";
				INFOPLIST_KEY_UISupportedInterfaceOrientations_iPhone = "UIInterfaceOrientationPortrait UIInterfaceOrientationLandscapeLeft UIInterfaceOrientationLandscapeRight";
				LD_RUNPATH_SEARCH_PATHS = (
					"$(inherited)",
					"@executable_path/Frameworks",
				);
				MARKETING_VERSION = 1.0;
				PRODUCT_BUNDLE_IDENTIFIER = com.iWonder.AsposeCellsSwiftExamples;
				PRODUCT_NAME = "$(TARGET_NAME)";
				SWIFT_EMIT_LOC_STRINGS = YES;
				SWIFT_VERSION = 5.0;
				TARGETED_DEVICE_FAMILY = "1,2";
			};
			name = Debug;
		};
		F9323AA52920404100EEF1C6 /* Release */ = {
			isa = XCBuildConfiguration;
			buildSettings = {
				ASSETCATALOG_COMPILER_APPICON_NAME = AppIcon;
				ASSETCATALOG_COMPILER_GLOBAL_ACCENT_COLOR_NAME = AccentColor;
				CODE_SIGN_STYLE = Automatic;
				CURRENT_PROJECT_VERSION = 1;
				GENERATE_INFOPLIST_FILE = YES;
				INFOPLIST_FILE = AsposeCellsSwiftExamples/Info.plist;
				INFOPLIST_KEY_UIApplicationSupportsIndirectInputEvents = YES;
				INFOPLIST_KEY_UILaunchStoryboardName = LaunchScreen;
				INFOPLIST_KEY_UIMainStoryboardFile = Main;
				INFOPLIST_KEY_UISupportedInterfaceOrientations_iPad = "UIInterfaceOrientationPortrait UIInterfaceOrientationPortraitUpsideDown UIInterfaceOrientationLandscapeLeft UIInterfaceOrientationLandscapeRight";
				INFOPLIST_KEY_UISupportedInterfaceOrientations_iPhone = "UIInterfaceOrientationPortrait UIInterfaceOrientationLandscapeLeft UIInterfaceOrientationLandscapeRight";
				LD_RUNPATH_SEARCH_PATHS = (
					"$(inherited)",
					"@executable_path/Frameworks",
				);
				MARKETING_VERSION = 1.0;
				PRODUCT_BUNDLE_IDENTIFIER = com.iWonder.AsposeCellsSwiftExamples;
				PRODUCT_NAME = "$(TARGET_NAME)";
				SWIFT_EMIT_LOC_STRINGS = YES;
				SWIFT_VERSION = 5.0;
				TARGETED_DEVICE_FAMILY = "1,2";
			};
			name = Release;
		};
/* End XCBuildConfiguration section */

/* Begin XCConfigurationList section */
		F9323A6E29203FB500EEF1C6 /* Build configuration list for PBXProject "AsposeCellsSwift" */ = {
			isa = XCConfigurationList;
			buildConfigurations = (
				F9323A8629203FB500EEF1C6 /* Debug */,
				F9323A8729203FB500EEF1C6 /* Release */,
			);
			defaultConfigurationIsVisible = 0;
			defaultConfigurationName = Release;
		};
		F9323A8829203FB500EEF1C6 /* Build configuration list for PBXNativeTarget "AsposeCellsSwift" */ = {
			isa = XCConfigurationList;
			buildConfigurations = (
				F9323A8929203FB500EEF1C6 /* Debug */,
				F9323A8A29203FB500EEF1C6 /* Release */,
			);
			defaultConfigurationIsVisible = 0;
			defaultConfigurationName = Release;
		};
		F9323A8B29203FB500EEF1C6 /* Build configuration list for PBXNativeTarget "AsposeCellsSwiftTests" */ = {
			isa = XCConfigurationList;
			buildConfigurations = (
				F9323A8C29203FB500EEF1C6 /* Debug */,
				F9323A8D29203FB500EEF1C6 /* Release */,
			);
			defaultConfigurationIsVisible = 0;
			defaultConfigurationName = Release;
		};
		F9323AA32920404100EEF1C6 /* Build configuration list for PBXNativeTarget "AsposeCellsSwiftExamples" */ = {
			isa = XCConfigurationList;
			buildConfigurations = (
				F9323AA42920404100EEF1C6 /* Debug */,
				F9323AA52920404100EEF1C6 /* Release */,
			);
			defaultConfigurationIsVisible = 0;
			defaultConfigurationName = Release;
		};
/* End XCConfigurationList section */
	};
	rootObject = F9323A6B29203FB500EEF1C6 /* Project object */;
}
